name: Check Service Lock Status

on:
  push:
    branches:
      - "main"

jobs:
  get-entity:
    runs-on: ubuntu-latest
    outputs:
      entity: ${{ steps.port-github-action.outputs.entity }}
    steps:
      - id: port-github-action
        name: Get entity from Port
        uses: port-labs/port-github-action@v1
        with:
          clientId: ${{ secrets.PORT_CLIENT_ID }}
          clientSecret: ${{ secrets.PORT_CLIENT_SECRET }}
          identifier: notification-service
          blueprint: service
          operation: GET
  check-lock-status:
    runs-on: ubuntu-latest
    needs: get-entity
    steps:
      - name: Get entity lock status
        run: echo "LOCK_STATUS=$(echo '${{needs.get-entity.outputs.entity}}' | jq -r .properties.locked_in_prod)" >> $GITHUB_ENV
      - name: Check lock status 🚧
        if: ${{ env.LOCK_STATUS == 'true' }}
        run: |
          echo "Service in production is locked, stopping deployment"
          exit 1
  run-deployment:
    runs-on: ubuntu-latest
    needs: [check-lock-status]
    steps:
      - name: Run deployment
        run: echo "Service in production is not locked, continuing deployment"